// !$*UTF8*$!
{
	archiveVersion = 1;
	classes = {
	};
	objectVersion = 56;
	objects = {

/* Begin PBXBuildFile section */
		4E5795E32CA14A7B00B8B846 /* RickAndMorty2024App.swift in Sources */ = {isa = PBXBuildFile; fileRef = 4E5795E22CA14A7B00B8B846 /* RickAndMorty2024App.swift */; };
		4E5795E52CA14A7B00B8B846 /* CharactersView.swift in Sources */ = {isa = PBXBuildFile; fileRef = 4E5795E42CA14A7B00B8B846 /* CharactersView.swift */; };
		4E5795E72CA14A7E00B8B846 /* Assets.xcassets in Resources */ = {isa = PBXBuildFile; fileRef = 4E5795E62CA14A7E00B8B846 /* Assets.xcassets */; };
		4E5795EA2CA14A7E00B8B846 /* Preview Assets.xcassets in Resources */ = {isa = PBXBuildFile; fileRef = 4E5795E92CA14A7E00B8B846 /* Preview Assets.xcassets */; };
		4E5795F72CA16CEA00B8B846 /* InfoBO.swift in Sources */ = {isa = PBXBuildFile; fileRef = 4E5795F62CA16CEA00B8B846 /* InfoBO.swift */; };
		4E5795FB2CA16D4D00B8B846 /* CharacterBO.swift in Sources */ = {isa = PBXBuildFile; fileRef = 4E5795FA2CA16D4D00B8B846 /* CharacterBO.swift */; };
		4E5796002CA16E3D00B8B846 /* LocationBO.swift in Sources */ = {isa = PBXBuildFile; fileRef = 4E5795FF2CA16E3D00B8B846 /* LocationBO.swift */; };
		4E5796022CA16ED300B8B846 /* CharacterDTO.swift in Sources */ = {isa = PBXBuildFile; fileRef = 4E5796012CA16ED300B8B846 /* CharacterDTO.swift */; };
		4E5796052CA16F2700B8B846 /* LocationDTO.swift in Sources */ = {isa = PBXBuildFile; fileRef = 4E5796042CA16F2700B8B846 /* LocationDTO.swift */; };
		4E5796072CA16FCB00B8B846 /* InfoDTO.swift in Sources */ = {isa = PBXBuildFile; fileRef = 4E5796062CA16FCB00B8B846 /* InfoDTO.swift */; };
		4E5796092CA1769200B8B846 /* InfoMapper.swift in Sources */ = {isa = PBXBuildFile; fileRef = 4E5796082CA1769200B8B846 /* InfoMapper.swift */; };
		4E57960B2CA176AD00B8B846 /* CharacterMapper.swift in Sources */ = {isa = PBXBuildFile; fileRef = 4E57960A2CA176AD00B8B846 /* CharacterMapper.swift */; };
		4E57960D2CA176C300B8B846 /* LocationMapper.swift in Sources */ = {isa = PBXBuildFile; fileRef = 4E57960C2CA176C300B8B846 /* LocationMapper.swift */; };
		4E57960F2CA1777500B8B846 /* RequestDTO.swift in Sources */ = {isa = PBXBuildFile; fileRef = 4E57960E2CA1777500B8B846 /* RequestDTO.swift */; };
		4E5796112CA17B7900B8B846 /* RickAndMortyRepository.swift in Sources */ = {isa = PBXBuildFile; fileRef = 4E5796102CA17B7900B8B846 /* RickAndMortyRepository.swift */; };
		4E5796152CA17CDA00B8B846 /* ErrorApp.swift in Sources */ = {isa = PBXBuildFile; fileRef = 4E5796142CA17CDA00B8B846 /* ErrorApp.swift */; };
		4E5796172CA17F6E00B8B846 /* EpisodeBO.swift in Sources */ = {isa = PBXBuildFile; fileRef = 4E5796162CA17F6E00B8B846 /* EpisodeBO.swift */; };
		4E5796192CA1803900B8B846 /* EpisodeDTO.swift in Sources */ = {isa = PBXBuildFile; fileRef = 4E5796182CA1803900B8B846 /* EpisodeDTO.swift */; };
		4E57961B2CA1806A00B8B846 /* EpisodeMapper.swift in Sources */ = {isa = PBXBuildFile; fileRef = 4E57961A2CA1806A00B8B846 /* EpisodeMapper.swift */; };
		4E57961D2CA1912000B8B846 /* EpisodesView.swift in Sources */ = {isa = PBXBuildFile; fileRef = 4E57961C2CA1912000B8B846 /* EpisodesView.swift */; };
		4E57961F2CA1998500B8B846 /* RickAndMortyUseCase.swift in Sources */ = {isa = PBXBuildFile; fileRef = 4E57961E2CA1998500B8B846 /* RickAndMortyUseCase.swift */; };
		4E5796212CA19BA300B8B846 /* CharactersViewModel.swift in Sources */ = {isa = PBXBuildFile; fileRef = 4E5796202CA19BA300B8B846 /* CharactersViewModel.swift */; };
		4E5796232CA19F4900B8B846 /* EpisodeViewModel.swift in Sources */ = {isa = PBXBuildFile; fileRef = 4E5796222CA19F4900B8B846 /* EpisodeViewModel.swift */; };
		4E5796272CA1A0B000B8B846 /* ContentView.swift in Sources */ = {isa = PBXBuildFile; fileRef = 4E5796262CA1A0B000B8B846 /* ContentView.swift */; };
		4E5796292CA1B07B00B8B846 /* CharacterDetailView.swift in Sources */ = {isa = PBXBuildFile; fileRef = 4E5796282CA1B07B00B8B846 /* CharacterDetailView.swift */; };
		4E5796342CA29ABA00B8B846 /* ImageCache.swift in Sources */ = {isa = PBXBuildFile; fileRef = 4E57962E2CA29ABA00B8B846 /* ImageCache.swift */; };
		4E5796352CA29ABA00B8B846 /* ImageLoader.swift in Sources */ = {isa = PBXBuildFile; fileRef = 4E57962F2CA29ABA00B8B846 /* ImageLoader.swift */; };
		4E5796362CA29ABA00B8B846 /* RemoteImage.swift in Sources */ = {isa = PBXBuildFile; fileRef = 4E5796302CA29ABA00B8B846 /* RemoteImage.swift */; };
		4E57963B2CA29EE400B8B846 /* ColorExtension.swift in Sources */ = {isa = PBXBuildFile; fileRef = 4E57963A2CA29EE400B8B846 /* ColorExtension.swift */; };
		4E57963D2CA29F2600B8B846 /* TextExtension.swift in Sources */ = {isa = PBXBuildFile; fileRef = 4E57963C2CA29F2600B8B846 /* TextExtension.swift */; };
		4E5796402CA2DB4400B8B846 /* CustomButton.swift in Sources */ = {isa = PBXBuildFile; fileRef = 4E57963F2CA2DB4400B8B846 /* CustomButton.swift */; };
		4E5796422CA2F53C00B8B846 /* CustomTextField.swift in Sources */ = {isa = PBXBuildFile; fileRef = 4E5796412CA2F53C00B8B846 /* CustomTextField.swift */; };
		4E7C2D9E2CC6542800E1AD90 /* StateView.swift in Sources */ = {isa = PBXBuildFile; fileRef = 4E7C2D9D2CC6542800E1AD90 /* StateView.swift */; };
		4E7C2DA02CDB811000E1AD90 /* TabBarView.swift in Sources */ = {isa = PBXBuildFile; fileRef = 4E7C2D9F2CDB811000E1AD90 /* TabBarView.swift */; };
		4E7C2DA22CDB845300E1AD90 /* LocationsView.swift in Sources */ = {isa = PBXBuildFile; fileRef = 4E7C2DA12CDB845300E1AD90 /* LocationsView.swift */; };
		4E7C2DA42CDB848F00E1AD90 /* LocationDetail.swift in Sources */ = {isa = PBXBuildFile; fileRef = 4E7C2DA32CDB848F00E1AD90 /* LocationDetail.swift */; };
		4E7C2DA62CDB8D2300E1AD90 /* UIDeviceExtension.swift in Sources */ = {isa = PBXBuildFile; fileRef = 4E7C2DA52CDB8D2300E1AD90 /* UIDeviceExtension.swift */; };
/* End PBXBuildFile section */

/* Begin PBXFileReference section */
		4E5795DF2CA14A7B00B8B846 /* RickAndMorty2024.app */ = {isa = PBXFileReference; explicitFileType = wrapper.application; includeInIndex = 0; path = RickAndMorty2024.app; sourceTree = BUILT_PRODUCTS_DIR; };
		4E5795E22CA14A7B00B8B846 /* RickAndMorty2024App.swift */ = {isa = PBXFileReference; lastKnownFileType = sourcecode.swift; path = RickAndMorty2024App.swift; sourceTree = "<group>"; };
		4E5795E42CA14A7B00B8B846 /* CharactersView.swift */ = {isa = PBXFileReference; lastKnownFileType = sourcecode.swift; path = CharactersView.swift; sourceTree = "<group>"; };
		4E5795E62CA14A7E00B8B846 /* Assets.xcassets */ = {isa = PBXFileReference; lastKnownFileType = folder.assetcatalog; path = Assets.xcassets; sourceTree = "<group>"; };
		4E5795E92CA14A7E00B8B846 /* Preview Assets.xcassets */ = {isa = PBXFileReference; lastKnownFileType = folder.assetcatalog; path = "Preview Assets.xcassets"; sourceTree = "<group>"; };
		4E5795F62CA16CEA00B8B846 /* InfoBO.swift */ = {isa = PBXFileReference; lastKnownFileType = sourcecode.swift; path = InfoBO.swift; sourceTree = "<group>"; };
		4E5795FA2CA16D4D00B8B846 /* CharacterBO.swift */ = {isa = PBXFileReference; lastKnownFileType = sourcecode.swift; path = CharacterBO.swift; sourceTree = "<group>"; };
		4E5795FF2CA16E3D00B8B846 /* LocationBO.swift */ = {isa = PBXFileReference; lastKnownFileType = sourcecode.swift; path = LocationBO.swift; sourceTree = "<group>"; };
		4E5796012CA16ED300B8B846 /* CharacterDTO.swift */ = {isa = PBXFileReference; lastKnownFileType = sourcecode.swift; path = CharacterDTO.swift; sourceTree = "<group>"; };
		4E5796042CA16F2700B8B846 /* LocationDTO.swift */ = {isa = PBXFileReference; lastKnownFileType = sourcecode.swift; path = LocationDTO.swift; sourceTree = "<group>"; };
		4E5796062CA16FCB00B8B846 /* InfoDTO.swift */ = {isa = PBXFileReference; lastKnownFileType = sourcecode.swift; path = InfoDTO.swift; sourceTree = "<group>"; };
		4E5796082CA1769200B8B846 /* InfoMapper.swift */ = {isa = PBXFileReference; lastKnownFileType = sourcecode.swift; path = InfoMapper.swift; sourceTree = "<group>"; };
		4E57960A2CA176AD00B8B846 /* CharacterMapper.swift */ = {isa = PBXFileReference; lastKnownFileType = sourcecode.swift; path = CharacterMapper.swift; sourceTree = "<group>"; };
		4E57960C2CA176C300B8B846 /* LocationMapper.swift */ = {isa = PBXFileReference; lastKnownFileType = sourcecode.swift; path = LocationMapper.swift; sourceTree = "<group>"; };
		4E57960E2CA1777500B8B846 /* RequestDTO.swift */ = {isa = PBXFileReference; lastKnownFileType = sourcecode.swift; path = RequestDTO.swift; sourceTree = "<group>"; };
		4E5796102CA17B7900B8B846 /* RickAndMortyRepository.swift */ = {isa = PBXFileReference; lastKnownFileType = sourcecode.swift; path = RickAndMortyRepository.swift; sourceTree = "<group>"; };
		4E5796142CA17CDA00B8B846 /* ErrorApp.swift */ = {isa = PBXFileReference; lastKnownFileType = sourcecode.swift; path = ErrorApp.swift; sourceTree = "<group>"; };
		4E5796162CA17F6E00B8B846 /* EpisodeBO.swift */ = {isa = PBXFileReference; lastKnownFileType = sourcecode.swift; path = EpisodeBO.swift; sourceTree = "<group>"; };
		4E5796182CA1803900B8B846 /* EpisodeDTO.swift */ = {isa = PBXFileReference; lastKnownFileType = sourcecode.swift; path = EpisodeDTO.swift; sourceTree = "<group>"; };
		4E57961A2CA1806A00B8B846 /* EpisodeMapper.swift */ = {isa = PBXFileReference; lastKnownFileType = sourcecode.swift; path = EpisodeMapper.swift; sourceTree = "<group>"; };
		4E57961C2CA1912000B8B846 /* EpisodesView.swift */ = {isa = PBXFileReference; lastKnownFileType = sourcecode.swift; path = EpisodesView.swift; sourceTree = "<group>"; };
		4E57961E2CA1998500B8B846 /* RickAndMortyUseCase.swift */ = {isa = PBXFileReference; lastKnownFileType = sourcecode.swift; path = RickAndMortyUseCase.swift; sourceTree = "<group>"; };
		4E5796202CA19BA300B8B846 /* CharactersViewModel.swift */ = {isa = PBXFileReference; lastKnownFileType = sourcecode.swift; path = CharactersViewModel.swift; sourceTree = "<group>"; };
		4E5796222CA19F4900B8B846 /* EpisodeViewModel.swift */ = {isa = PBXFileReference; lastKnownFileType = sourcecode.swift; path = EpisodeViewModel.swift; sourceTree = "<group>"; };
		4E5796262CA1A0B000B8B846 /* ContentView.swift */ = {isa = PBXFileReference; lastKnownFileType = sourcecode.swift; path = ContentView.swift; sourceTree = "<group>"; };
		4E5796282CA1B07B00B8B846 /* CharacterDetailView.swift */ = {isa = PBXFileReference; lastKnownFileType = sourcecode.swift; path = CharacterDetailView.swift; sourceTree = "<group>"; };
		4E57962E2CA29ABA00B8B846 /* ImageCache.swift */ = {isa = PBXFileReference; fileEncoding = 4; lastKnownFileType = sourcecode.swift; path = ImageCache.swift; sourceTree = "<group>"; };
		4E57962F2CA29ABA00B8B846 /* ImageLoader.swift */ = {isa = PBXFileReference; fileEncoding = 4; lastKnownFileType = sourcecode.swift; path = ImageLoader.swift; sourceTree = "<group>"; };
		4E5796302CA29ABA00B8B846 /* RemoteImage.swift */ = {isa = PBXFileReference; fileEncoding = 4; lastKnownFileType = sourcecode.swift; path = RemoteImage.swift; sourceTree = "<group>"; };
		4E57963A2CA29EE400B8B846 /* ColorExtension.swift */ = {isa = PBXFileReference; lastKnownFileType = sourcecode.swift; path = ColorExtension.swift; sourceTree = "<group>"; };
		4E57963C2CA29F2600B8B846 /* TextExtension.swift */ = {isa = PBXFileReference; lastKnownFileType = sourcecode.swift; path = TextExtension.swift; sourceTree = "<group>"; };
		4E57963F2CA2DB4400B8B846 /* CustomButton.swift */ = {isa = PBXFileReference; lastKnownFileType = sourcecode.swift; path = CustomButton.swift; sourceTree = "<group>"; };
		4E5796412CA2F53C00B8B846 /* CustomTextField.swift */ = {isa = PBXFileReference; lastKnownFileType = sourcecode.swift; path = CustomTextField.swift; sourceTree = "<group>"; };
		4E7C2D9C2CC6495900E1AD90 /* Info.plist */ = {isa = PBXFileReference; lastKnownFileType = text.plist; path = Info.plist; sourceTree = "<group>"; };
		4E7C2D9D2CC6542800E1AD90 /* StateView.swift */ = {isa = PBXFileReference; lastKnownFileType = sourcecode.swift; path = StateView.swift; sourceTree = "<group>"; };
		4E7C2D9F2CDB811000E1AD90 /* TabBarView.swift */ = {isa = PBXFileReference; lastKnownFileType = sourcecode.swift; path = TabBarView.swift; sourceTree = "<group>"; };
		4E7C2DA12CDB845300E1AD90 /* LocationsView.swift */ = {isa = PBXFileReference; lastKnownFileType = sourcecode.swift; path = LocationsView.swift; sourceTree = "<group>"; };
		4E7C2DA32CDB848F00E1AD90 /* LocationDetail.swift */ = {isa = PBXFileReference; lastKnownFileType = sourcecode.swift; path = LocationDetail.swift; sourceTree = "<group>"; };
		4E7C2DA52CDB8D2300E1AD90 /* UIDeviceExtension.swift */ = {isa = PBXFileReference; lastKnownFileType = sourcecode.swift; path = UIDeviceExtension.swift; sourceTree = "<group>"; };
/* End PBXFileReference section */

/* Begin PBXFrameworksBuildPhase section */
		4E5795DC2CA14A7B00B8B846 /* Frameworks */ = {
			isa = PBXFrameworksBuildPhase;
			buildActionMask = 2147483647;
			files = (
			);
			runOnlyForDeploymentPostprocessing = 0;
		};
/* End PBXFrameworksBuildPhase section */

/* Begin PBXGroup section */
		4E5795D62CA14A7B00B8B846 = {
			isa = PBXGroup;
			children = (
				4E5795E12CA14A7B00B8B846 /* RickAndMorty2024 */,
				4E5795E02CA14A7B00B8B846 /* Products */,
			);
			sourceTree = "<group>";
		};
		4E5795E02CA14A7B00B8B846 /* Products */ = {
			isa = PBXGroup;
			children = (
				4E5795DF2CA14A7B00B8B846 /* RickAndMorty2024.app */,
			);
			name = Products;
			sourceTree = "<group>";
		};
		4E5795E12CA14A7B00B8B846 /* RickAndMorty2024 */ = {
			isa = PBXGroup;
			children = (
				4E7C2D9C2CC6495900E1AD90 /* Info.plist */,
				4E5796122CA17C6500B8B846 /* Utilities */,
				4E5795F02CA166ED00B8B846 /* Layers */,
				4E5795E22CA14A7B00B8B846 /* RickAndMorty2024App.swift */,
				4E5795E62CA14A7E00B8B846 /* Assets.xcassets */,
				4E5795E82CA14A7E00B8B846 /* Preview Content */,
			);
			path = RickAndMorty2024;
			sourceTree = "<group>";
		};
		4E5795E82CA14A7E00B8B846 /* Preview Content */ = {
			isa = PBXGroup;
			children = (
				4E5795E92CA14A7E00B8B846 /* Preview Assets.xcassets */,
			);
			path = "Preview Content";
			sourceTree = "<group>";
		};
		4E5795F02CA166ED00B8B846 /* Layers */ = {
			isa = PBXGroup;
			children = (
				4E5795F52CA16A9300B8B846 /* Repository */,
				4E5795F42CA16A8800B8B846 /* Service */,
				4E5795F32CA1677B00B8B846 /* ViewModel */,
				4E5795F22CA1676800B8B846 /* Model */,
				4E5795F12CA1671000B8B846 /* View */,
			);
			path = Layers;
			sourceTree = "<group>";
		};
		4E5795F12CA1671000B8B846 /* View */ = {
			isa = PBXGroup;
			children = (
				4E5795E42CA14A7B00B8B846 /* CharactersView.swift */,
				4E57961C2CA1912000B8B846 /* EpisodesView.swift */,
				4E5796262CA1A0B000B8B846 /* ContentView.swift */,
				4E5796282CA1B07B00B8B846 /* CharacterDetailView.swift */,
				4E7C2D9D2CC6542800E1AD90 /* StateView.swift */,
				4E7C2D9F2CDB811000E1AD90 /* TabBarView.swift */,
				4E7C2DA12CDB845300E1AD90 /* LocationsView.swift */,
			);
			path = View;
			sourceTree = "<group>";
		};
		4E5795F22CA1676800B8B846 /* Model */ = {
			isa = PBXGroup;
			children = (
				4E5795FE2CA16DC500B8B846 /* Mapper */,
				4E5795FD2CA16DBE00B8B846 /* dto */,
				4E5795FC2CA16DAC00B8B846 /* bo */,
			);
			path = Model;
			sourceTree = "<group>";
		};
		4E5795F32CA1677B00B8B846 /* ViewModel */ = {
			isa = PBXGroup;
			children = (
				4E5796202CA19BA300B8B846 /* CharactersViewModel.swift */,
				4E5796222CA19F4900B8B846 /* EpisodeViewModel.swift */,
			);
			path = ViewModel;
			sourceTree = "<group>";
		};
		4E5795F42CA16A8800B8B846 /* Service */ = {
			isa = PBXGroup;
			children = (
				4E57961E2CA1998500B8B846 /* RickAndMortyUseCase.swift */,
			);
			path = Service;
			sourceTree = "<group>";
		};
		4E5795F52CA16A9300B8B846 /* Repository */ = {
			isa = PBXGroup;
			children = (
				4E5796102CA17B7900B8B846 /* RickAndMortyRepository.swift */,
			);
			path = Repository;
			sourceTree = "<group>";
		};
		4E5795FC2CA16DAC00B8B846 /* bo */ = {
			isa = PBXGroup;
			children = (
				4E5795F62CA16CEA00B8B846 /* InfoBO.swift */,
				4E5795FA2CA16D4D00B8B846 /* CharacterBO.swift */,
				4E5795FF2CA16E3D00B8B846 /* LocationBO.swift */,
				4E5796162CA17F6E00B8B846 /* EpisodeBO.swift */,
			);
			path = bo;
			sourceTree = "<group>";
		};
		4E5795FD2CA16DBE00B8B846 /* dto */ = {
			isa = PBXGroup;
			children = (
				4E57960E2CA1777500B8B846 /* RequestDTO.swift */,
				4E5796062CA16FCB00B8B846 /* InfoDTO.swift */,
				4E5796012CA16ED300B8B846 /* CharacterDTO.swift */,
				4E5796042CA16F2700B8B846 /* LocationDTO.swift */,
				4E5796182CA1803900B8B846 /* EpisodeDTO.swift */,
				4E7C2DA32CDB848F00E1AD90 /* LocationDetail.swift */,
			);
			path = dto;
			sourceTree = "<group>";
		};
		4E5795FE2CA16DC500B8B846 /* Mapper */ = {
			isa = PBXGroup;
			children = (
				4E5796082CA1769200B8B846 /* InfoMapper.swift */,
				4E57960A2CA176AD00B8B846 /* CharacterMapper.swift */,
				4E57960C2CA176C300B8B846 /* LocationMapper.swift */,
				4E57961A2CA1806A00B8B846 /* EpisodeMapper.swift */,
			);
			path = Mapper;
			sourceTree = "<group>";
		};
		4E5796122CA17C6500B8B846 /* Utilities */ = {
			isa = PBXGroup;
			children = (
				4E57963E2CA2DB2900B8B846 /* Custom */,
				4E5796392CA29ED500B8B846 /* Extensions */,
				4E57962D2CA29ABA00B8B846 /* ImageCacher */,
				4E5796132CA17C6E00B8B846 /* Errors */,
			);
			path = Utilities;
			sourceTree = "<group>";
		};
		4E5796132CA17C6E00B8B846 /* Errors */ = {
			isa = PBXGroup;
			children = (
				4E5796142CA17CDA00B8B846 /* ErrorApp.swift */,
			);
			path = Errors;
			sourceTree = "<group>";
		};
		4E57962D2CA29ABA00B8B846 /* ImageCacher */ = {
			isa = PBXGroup;
			children = (
				4E57962E2CA29ABA00B8B846 /* ImageCache.swift */,
				4E57962F2CA29ABA00B8B846 /* ImageLoader.swift */,
				4E5796302CA29ABA00B8B846 /* RemoteImage.swift */,
			);
			path = ImageCacher;
			sourceTree = "<group>";
		};
		4E5796392CA29ED500B8B846 /* Extensions */ = {
			isa = PBXGroup;
			children = (
				4E57963A2CA29EE400B8B846 /* ColorExtension.swift */,
				4E57963C2CA29F2600B8B846 /* TextExtension.swift */,
				4E7C2DA52CDB8D2300E1AD90 /* UIDeviceExtension.swift */,
			);
			path = Extensions;
			sourceTree = "<group>";
		};
		4E57963E2CA2DB2900B8B846 /* Custom */ = {
			isa = PBXGroup;
			children = (
				4E57963F2CA2DB4400B8B846 /* CustomButton.swift */,
				4E5796412CA2F53C00B8B846 /* CustomTextField.swift */,
			);
			path = Custom;
			sourceTree = "<group>";
		};
/* End PBXGroup section */

/* Begin PBXNativeTarget section */
		4E5795DE2CA14A7B00B8B846 /* RickAndMorty2024 */ = {
			isa = PBXNativeTarget;
			buildConfigurationList = 4E5795ED2CA14A7E00B8B846 /* Build configuration list for PBXNativeTarget "RickAndMorty2024" */;
			buildPhases = (
				4E5795DB2CA14A7B00B8B846 /* Sources */,
				4E5795DC2CA14A7B00B8B846 /* Frameworks */,
				4E5795DD2CA14A7B00B8B846 /* Resources */,
			);
			buildRules = (
			);
			dependencies = (
			);
			name = RickAndMorty2024;
			productName = RickAndMorty2024;
			productReference = 4E5795DF2CA14A7B00B8B846 /* RickAndMorty2024.app */;
			productType = "com.apple.product-type.application";
		};
/* End PBXNativeTarget section */

/* Begin PBXProject section */
		4E5795D72CA14A7B00B8B846 /* Project object */ = {
			isa = PBXProject;
			attributes = {
				BuildIndependentTargetsInParallel = 1;
				LastSwiftUpdateCheck = 1520;
				LastUpgradeCheck = 1520;
				TargetAttributes = {
					4E5795DE2CA14A7B00B8B846 = {
						CreatedOnToolsVersion = 15.2;
					};
				};
			};
			buildConfigurationList = 4E5795DA2CA14A7B00B8B846 /* Build configuration list for PBXProject "RickAndMorty2024" */;
			compatibilityVersion = "Xcode 14.0";
			developmentRegion = en;
			hasScannedForEncodings = 0;
			knownRegions = (
				en,
				Base,
			);
			mainGroup = 4E5795D62CA14A7B00B8B846;
			productRefGroup = 4E5795E02CA14A7B00B8B846 /* Products */;
			projectDirPath = "";
			projectRoot = "";
			targets = (
				4E5795DE2CA14A7B00B8B846 /* RickAndMorty2024 */,
			);
		};
/* End PBXProject section */

/* Begin PBXResourcesBuildPhase section */
		4E5795DD2CA14A7B00B8B846 /* Resources */ = {
			isa = PBXResourcesBuildPhase;
			buildActionMask = 2147483647;
			files = (
				4E5795EA2CA14A7E00B8B846 /* Preview Assets.xcassets in Resources */,
				4E5795E72CA14A7E00B8B846 /* Assets.xcassets in Resources */,
			);
			runOnlyForDeploymentPostprocessing = 0;
		};
/* End PBXResourcesBuildPhase section */

/* Begin PBXSourcesBuildPhase section */
		4E5795DB2CA14A7B00B8B846 /* Sources */ = {
			isa = PBXSourcesBuildPhase;
			buildActionMask = 2147483647;
			files = (
				4E57961D2CA1912000B8B846 /* EpisodesView.swift in Sources */,
				4E57961F2CA1998500B8B846 /* RickAndMortyUseCase.swift in Sources */,
				4E5795FB2CA16D4D00B8B846 /* CharacterBO.swift in Sources */,
				4E5795F72CA16CEA00B8B846 /* InfoBO.swift in Sources */,
				4E7C2D9E2CC6542800E1AD90 /* StateView.swift in Sources */,
				4E5796402CA2DB4400B8B846 /* CustomButton.swift in Sources */,
				4E5796022CA16ED300B8B846 /* CharacterDTO.swift in Sources */,
				4E5796352CA29ABA00B8B846 /* ImageLoader.swift in Sources */,
				4E57963D2CA29F2600B8B846 /* TextExtension.swift in Sources */,
				4E57960F2CA1777500B8B846 /* RequestDTO.swift in Sources */,
				4E5796052CA16F2700B8B846 /* LocationDTO.swift in Sources */,
				4E5796002CA16E3D00B8B846 /* LocationBO.swift in Sources */,
				4E5795E52CA14A7B00B8B846 /* CharactersView.swift in Sources */,
				4E7C2DA42CDB848F00E1AD90 /* LocationDetail.swift in Sources */,
				4E5795E32CA14A7B00B8B846 /* RickAndMorty2024App.swift in Sources */,
				4E5796092CA1769200B8B846 /* InfoMapper.swift in Sources */,
				4E5796422CA2F53C00B8B846 /* CustomTextField.swift in Sources */,
				4E5796212CA19BA300B8B846 /* CharactersViewModel.swift in Sources */,
				4E5796292CA1B07B00B8B846 /* CharacterDetailView.swift in Sources */,
				4E7C2DA22CDB845300E1AD90 /* LocationsView.swift in Sources */,
				4E5796342CA29ABA00B8B846 /* ImageCache.swift in Sources */,
				4E5796272CA1A0B000B8B846 /* ContentView.swift in Sources */,
				4E57961B2CA1806A00B8B846 /* EpisodeMapper.swift in Sources */,
				4E5796152CA17CDA00B8B846 /* ErrorApp.swift in Sources */,
				4E57963B2CA29EE400B8B846 /* ColorExtension.swift in Sources */,
				4E7C2DA62CDB8D2300E1AD90 /* UIDeviceExtension.swift in Sources */,
				4E5796172CA17F6E00B8B846 /* EpisodeBO.swift in Sources */,
				4E5796192CA1803900B8B846 /* EpisodeDTO.swift in Sources */,
				4E5796232CA19F4900B8B846 /* EpisodeViewModel.swift in Sources */,
				4E7C2DA02CDB811000E1AD90 /* TabBarView.swift in Sources */,
				4E5796362CA29ABA00B8B846 /* RemoteImage.swift in Sources */,
				4E5796112CA17B7900B8B846 /* RickAndMortyRepository.swift in Sources */,
				4E57960D2CA176C300B8B846 /* LocationMapper.swift in Sources */,
				4E5796072CA16FCB00B8B846 /* InfoDTO.swift in Sources */,
				4E57960B2CA176AD00B8B846 /* CharacterMapper.swift in Sources */,
			);
			runOnlyForDeploymentPostprocessing = 0;
		};
/* End PBXSourcesBuildPhase section */

/* Begin XCBuildConfiguration section */
		4E5795EB2CA14A7E00B8B846 /* Debug */ = {
			isa = XCBuildConfiguration;
			buildSettings = {
				ALWAYS_SEARCH_USER_PATHS = NO;
				ASSETCATALOG_COMPILER_GENERATE_SWIFT_ASSET_SYMBOL_EXTENSIONS = YES;
				CLANG_ANALYZER_NONNULL = YES;
				CLANG_ANALYZER_NUMBER_OBJECT_CONVERSION = YES_AGGRESSIVE;
				CLANG_CXX_LANGUAGE_STANDARD = "gnu++20";
				CLANG_ENABLE_MODULES = YES;
				CLANG_ENABLE_OBJC_ARC = YES;
				CLANG_ENABLE_OBJC_WEAK = YES;
				CLANG_WARN_BLOCK_CAPTURE_AUTORELEASING = YES;
				CLANG_WARN_BOOL_CONVERSION = YES;
				CLANG_WARN_COMMA = YES;
				CLANG_WARN_CONSTANT_CONVERSION = YES;
				CLANG_WARN_DEPRECATED_OBJC_IMPLEMENTATIONS = YES;
				CLANG_WARN_DIRECT_OBJC_ISA_USAGE = YES_ERROR;
				CLANG_WARN_DOCUMENTATION_COMMENTS = YES;
				CLANG_WARN_EMPTY_BODY = YES;
				CLANG_WARN_ENUM_CONVERSION = YES;
				CLANG_WARN_INFINITE_RECURSION = YES;
				CLANG_WARN_INT_CONVERSION = YES;
				CLANG_WARN_NON_LITERAL_NULL_CONVERSION = YES;
				CLANG_WARN_OBJC_IMPLICIT_RETAIN_SELF = YES;
				CLANG_WARN_OBJC_LITERAL_CONVERSION = YES;
				CLANG_WARN_OBJC_ROOT_CLASS = YES_ERROR;
				CLANG_WARN_QUOTED_INCLUDE_IN_FRAMEWORK_HEADER = YES;
				CLANG_WARN_RANGE_LOOP_ANALYSIS = YES;
				CLANG_WARN_STRICT_PROTOTYPES = YES;
				CLANG_WARN_SUSPICIOUS_MOVE = YES;
				CLANG_WARN_UNGUARDED_AVAILABILITY = YES_AGGRESSIVE;
				CLANG_WARN_UNREACHABLE_CODE = YES;
				CLANG_WARN__DUPLICATE_METHOD_MATCH = YES;
				COPY_PHASE_STRIP = NO;
				DEBUG_INFORMATION_FORMAT = dwarf;
				ENABLE_STRICT_OBJC_MSGSEND = YES;
				ENABLE_TESTABILITY = YES;
				ENABLE_USER_SCRIPT_SANDBOXING = YES;
				GCC_C_LANGUAGE_STANDARD = gnu17;
				GCC_DYNAMIC_NO_PIC = NO;
				GCC_NO_COMMON_BLOCKS = YES;
				GCC_OPTIMIZATION_LEVEL = 0;
				GCC_PREPROCESSOR_DEFINITIONS = (
					"DEBUG=1",
					"$(inherited)",
				);
				GCC_WARN_64_TO_32_BIT_CONVERSION = YES;
				GCC_WARN_ABOUT_RETURN_TYPE = YES_ERROR;
				GCC_WARN_UNDECLARED_SELECTOR = YES;
				GCC_WARN_UNINITIALIZED_AUTOS = YES_AGGRESSIVE;
				GCC_WARN_UNUSED_FUNCTION = YES;
				GCC_WARN_UNUSED_VARIABLE = YES;
				IPHONEOS_DEPLOYMENT_TARGET = 17.2;
				LOCALIZATION_PREFERS_STRING_CATALOGS = YES;
				MTL_ENABLE_DEBUG_INFO = INCLUDE_SOURCE;
				MTL_FAST_MATH = YES;
				ONLY_ACTIVE_ARCH = YES;
				SDKROOT = iphoneos;
				SWIFT_ACTIVE_COMPILATION_CONDITIONS = "DEBUG $(inherited)";
				SWIFT_OPTIMIZATION_LEVEL = "-Onone";
			};
			name = Debug;
		};
		4E5795EC2CA14A7E00B8B846 /* Release */ = {
			isa = XCBuildConfiguration;
			buildSettings = {
				ALWAYS_SEARCH_USER_PATHS = NO;
				ASSETCATALOG_COMPILER_GENERATE_SWIFT_ASSET_SYMBOL_EXTENSIONS = YES;
				CLANG_ANALYZER_NONNULL = YES;
				CLANG_ANALYZER_NUMBER_OBJECT_CONVERSION = YES_AGGRESSIVE;
				CLANG_CXX_LANGUAGE_STANDARD = "gnu++20";
				CLANG_ENABLE_MODULES = YES;
				CLANG_ENABLE_OBJC_ARC = YES;
				CLANG_ENABLE_OBJC_WEAK = YES;
				CLANG_WARN_BLOCK_CAPTURE_AUTORELEASING = YES;
				CLANG_WARN_BOOL_CONVERSION = YES;
				CLANG_WARN_COMMA = YES;
				CLANG_WARN_CONSTANT_CONVERSION = YES;
				CLANG_WARN_DEPRECATED_OBJC_IMPLEMENTATIONS = YES;
				CLANG_WARN_DIRECT_OBJC_ISA_USAGE = YES_ERROR;
				CLANG_WARN_DOCUMENTATION_COMMENTS = YES;
				CLANG_WARN_EMPTY_BODY = YES;
				CLANG_WARN_ENUM_CONVERSION = YES;
				CLANG_WARN_INFINITE_RECURSION = YES;
				CLANG_WARN_INT_CONVERSION = YES;
				CLANG_WARN_NON_LITERAL_NULL_CONVERSION = YES;
				CLANG_WARN_OBJC_IMPLICIT_RETAIN_SELF = YES;
				CLANG_WARN_OBJC_LITERAL_CONVERSION = YES;
				CLANG_WARN_OBJC_ROOT_CLASS = YES_ERROR;
				CLANG_WARN_QUOTED_INCLUDE_IN_FRAMEWORK_HEADER = YES;
				CLANG_WARN_RANGE_LOOP_ANALYSIS = YES;
				CLANG_WARN_STRICT_PROTOTYPES = YES;
				CLANG_WARN_SUSPICIOUS_MOVE = YES;
				CLANG_WARN_UNGUARDED_AVAILABILITY = YES_AGGRESSIVE;
				CLANG_WARN_UNREACHABLE_CODE = YES;
				CLANG_WARN__DUPLICATE_METHOD_MATCH = YES;
				COPY_PHASE_STRIP = NO;
				DEBUG_INFORMATION_FORMAT = "dwarf-with-dsym";
				ENABLE_NS_ASSERTIONS = NO;
				ENABLE_STRICT_OBJC_MSGSEND = YES;
				ENABLE_USER_SCRIPT_SANDBOXING = YES;
				GCC_C_LANGUAGE_STANDARD = gnu17;
				GCC_NO_COMMON_BLOCKS = YES;
				GCC_WARN_64_TO_32_BIT_CONVERSION = YES;
				GCC_WARN_ABOUT_RETURN_TYPE = YES_ERROR;
				GCC_WARN_UNDECLARED_SELECTOR = YES;
				GCC_WARN_UNINITIALIZED_AUTOS = YES_AGGRESSIVE;
				GCC_WARN_UNUSED_FUNCTION = YES;
				GCC_WARN_UNUSED_VARIABLE = YES;
				IPHONEOS_DEPLOYMENT_TARGET = 17.2;
				LOCALIZATION_PREFERS_STRING_CATALOGS = YES;
				MTL_ENABLE_DEBUG_INFO = NO;
				MTL_FAST_MATH = YES;
				SDKROOT = iphoneos;
				SWIFT_COMPILATION_MODE = wholemodule;
				VALIDATE_PRODUCT = YES;
			};
			name = Release;
		};
		4E5795EE2CA14A7E00B8B846 /* Debug */ = {
			isa = XCBuildConfiguration;
			buildSettings = {
				ASSETCATALOG_COMPILER_APPICON_NAME = AppIcon;
				ASSETCATALOG_COMPILER_GLOBAL_ACCENT_COLOR_NAME = AccentColor;
				CODE_SIGN_IDENTITY = "Apple Development";
				CODE_SIGN_STYLE = Automatic;
				CURRENT_PROJECT_VERSION = 1;
				DEVELOPMENT_ASSET_PATHS = "\"RickAndMorty2024/Preview Content\"";
				DEVELOPMENT_TEAM = Y5G9RYLF8Y;
				ENABLE_PREVIEWS = YES;
				GENERATE_INFOPLIST_FILE = YES;
				INFOPLIST_FILE = RickAndMorty2024/Info.plist;
				INFOPLIST_KEY_LSApplicationCategoryType = "";
				INFOPLIST_KEY_UIApplicationSceneManifest_Generation = YES;
				INFOPLIST_KEY_UIApplicationSupportsIndirectInputEvents = YES;
				INFOPLIST_KEY_UISupportedInterfaceOrientations_iPad = "UIInterfaceOrientationPortrait UIInterfaceOrientationPortraitUpsideDown UIInterfaceOrientationLandscapeLeft UIInterfaceOrientationLandscapeRight";
				INFOPLIST_KEY_UISupportedInterfaceOrientations_iPhone = "UIInterfaceOrientationPortrait UIInterfaceOrientationLandscapeLeft UIInterfaceOrientationLandscapeRight";
				LD_RUNPATH_SEARCH_PATHS = (
					"$(inherited)",
					"@executable_path/Frameworks",
				);
				MARKETING_VERSION = 1.0;
				PRODUCT_BUNDLE_IDENTIFIER = com.jmmata.RickAndMorty2024;
				PRODUCT_NAME = "$(TARGET_NAME)";
				PROVISIONING_PROFILE_SPECIFIER = "";
				SWIFT_EMIT_LOC_STRINGS = YES;
				SWIFT_VERSION = 5.0;
				TARGETED_DEVICE_FAMILY = "1,2";
			};
			name = Debug;
		};
		4E5795EF2CA14A7E00B8B846 /* Release */ = {
			isa = XCBuildConfiguration;
			buildSettings = {
				ASSETCATALOG_COMPILER_APPICON_NAME = AppIcon;
				ASSETCATALOG_COMPILER_GLOBAL_ACCENT_COLOR_NAME = AccentColor;
				CODE_SIGN_IDENTITY = "Apple Development";
				CODE_SIGN_STYLE = Automatic;
				CURRENT_PROJECT_VERSION = 1;
				DEVELOPMENT_ASSET_PATHS = "\"RickAndMorty2024/Preview Content\"";
				DEVELOPMENT_TEAM = Y5G9RYLF8Y;
				ENABLE_PREVIEWS = YES;
				GENERATE_INFOPLIST_FILE = YES;
				INFOPLIST_FILE = RickAndMorty2024/Info.plist;
				INFOPLIST_KEY_LSApplicationCategoryType = "";
				INFOPLIST_KEY_UIApplicationSceneManifest_Generation = YES;
				INFOPLIST_KEY_UIApplicationSupportsIndirectInputEvents = YES;
				INFOPLIST_KEY_UISupportedInterfaceOrientations_iPad = "UIInterfaceOrientationPortrait UIInterfaceOrientationPortraitUpsideDown UIInterfaceOrientationLandscapeLeft UIInterfaceOrientationLandscapeRight";
				INFOPLIST_KEY_UISupportedInterfaceOrientations_iPhone = "UIInterfaceOrientationPortrait UIInterfaceOrientationLandscapeLeft UIInterfaceOrientationLandscapeRight";
				LD_RUNPATH_SEARCH_PATHS = (
					"$(inherited)",
					"@executable_path/Frameworks",
				);
				MARKETING_VERSION = 1.0;
				PRODUCT_BUNDLE_IDENTIFIER = com.jmmata.RickAndMorty2024;
				PRODUCT_NAME = "$(TARGET_NAME)";
				PROVISIONING_PROFILE_SPECIFIER = "";
				SWIFT_EMIT_LOC_STRINGS = YES;
				SWIFT_VERSION = 5.0;
				TARGETED_DEVICE_FAMILY = "1,2";
			};
			name = Release;
		};
/* End XCBuildConfiguration section */

/* Begin XCConfigurationList section */
		4E5795DA2CA14A7B00B8B846 /* Build configuration list for PBXProject "RickAndMorty2024" */ = {
			isa = XCConfigurationList;
			buildConfigurations = (
				4E5795EB2CA14A7E00B8B846 /* Debug */,
				4E5795EC2CA14A7E00B8B846 /* Release */,
			);
			defaultConfigurationIsVisible = 0;
			defaultConfigurationName = Release;
		};
		4E5795ED2CA14A7E00B8B846 /* Build configuration list for PBXNativeTarget "RickAndMorty2024" */ = {
			isa = XCConfigurationList;
			buildConfigurations = (
				4E5795EE2CA14A7E00B8B846 /* Debug */,
				4E5795EF2CA14A7E00B8B846 /* Release */,
			);
			defaultConfigurationIsVisible = 0;
			defaultConfigurationName = Release;
		};
/* End XCConfigurationList section */
	};
	rootObject = 4E5795D72CA14A7B00B8B846 /* Project object */;
}
